
Microsoft Visual Studio Solution File, Format Version 12.00
# Visual Studio Version 17
VisualStudioVersion = 17.11.35327.3
MinimumVisualStudioVersion = 10.0.40219.1
Project("{9A19103F-16F7-4668-BE54-9A1E7A4F7556}") = "Stage0", "Stage0\Stage0.csproj", "{0E48201A-B126-4BD3-B47D-D5B078410A1F}"
EndProject
Project("{2150E333-8FDC-42A3-9474-1A3956D46DE8}") = "Solution Items", "Solution Items", "{262221B3-530C-494D-8906-11EF909F81E2}"
	ProjectSection(SolutionItems) = preProject
		README.md = README.md
	EndProjectSection
EndProject
Global
	GlobalSection(SolutionConfigurationPlatforms) = preSolution
		Debug|Any CPU = Debug|Any CPU
		Release|Any CPU = Release|Any CPU
	EndGlobalSection
	GlobalSection(ProjectConfigurationPlatforms) = postSolution
		{0E48201A-B126-4BD3-B47D-D5B078410A1F}.Debug|Any CPU.ActiveCfg = Debug|Any CPU
		{0E48201A-B126-4BD3-B47D-D5B078410A1F}.Debug|Any CPU.Build.0 = Debug|Any CPU
		{0E48201A-B126-4BD3-B47D-D5B078410A1F}.Release|Any CPU.ActiveCfg = Release|Any CPU
		{0E48201A-B126-4BD3-B47D-D5B078410A1F}.Release|Any CPU.Build.0 = Release|Any CPU
	EndGlobalSection
	GlobalSection(SolutionProperties) = preSolution
		HideSolutionNode = FALSE
	EndGlobalSection
	GlobalSection(ExtensibilityGlobals) = postSolution
		SolutionGuid = {E9B6081E-ED0A-469E-95E4-AFB69D08E4E7}
	EndGlobalSection
EndGlobal
