
Microsoft Visual Studio Solution File, Format Version 12.00
# Visual Studio Version 17
VisualStudioVersion = 17.11.35327.3
MinimumVisualStudioVersion = 10.0.40219.1
Project("{9A19103F-16F7-4668-BE54-9A1E7A4F7556}") = "Stage0", "Stage0\Stage0.csproj", "{0E48201A-B126-4BD3-B47D-D5B078410A1F}"
EndProject
Project("{2150E333-8FDC-42A3-9474-1A3956D46DE8}") = "Solution Items", "Solution Items", "{262221B3-530C-494D-8906-11EF909F81E2}"
	ProjectSection(SolutionItems) = preProject
		README.md = README.md
	EndProjectSection
EndProject
Project("{9A19103F-16F7-4668-BE54-9A1E7A4F7556}") = "DalFacade", "DalFacade\DalFacade.csproj", "{8C60A71B-5D6D-4E48-B2D1-106BE32780C7}"
EndProject
Project("{9A19103F-16F7-4668-BE54-9A1E7A4F7556}") = "DalList", "DalList\DalList.csproj", "{1A3D4092-2EF2-4575-8F1E-4FB2851762D3}"
EndProject
Project("{9A19103F-16F7-4668-BE54-9A1E7A4F7556}") = "DalTest", "DalTest\DalTest.csproj", "{B44AEFA9-889A-436D-B035-E47823164F74}"
EndProject
Project("{9A19103F-16F7-4668-BE54-9A1E7A4F7556}") = "DalXml", "DalXml\DalXml.csproj", "{CF00FB5C-7E6F-4920-993F-665AC14B5925}"
EndProject
Project("{2150E333-8FDC-42A3-9474-1A3956D46DE8}") = "xml", "xml", "{73CD1EC4-DEB5-4809-A3D7-5BF1EA75B5EA}"
	ProjectSection(SolutionItems) = preProject
		xml\assignments.xml = xml\assignments.xml
		xml\calls.xml = xml\calls.xml
		xml\dal-config.xml = xml\dal-config.xml
		xml\data-config.xml = xml\data-config.xml
		xml\volunteers.xml = xml\volunteers.xml
	EndProjectSection
EndProject
Project("{9A19103F-16F7-4668-BE54-9A1E7A4F7556}") = "BL", "BL\BL.csproj", "{F052A5A7-23D1-49A3-836D-1A541630C4B3}"
EndProject
Project("{9A19103F-16F7-4668-BE54-9A1E7A4F7556}") = "BlTest", "BlTest\BlTest.csproj", "{8EF96F08-838C-446E-AF05-4A04822661E1}"
EndProject
Project("{FAE04EC0-301F-11D3-BF4B-00C04F79EFBC}") = "PL", "PL\PL.csproj", "{6DCEF0BB-D3B7-47FA-9CC7-27732BFC24BE}"
EndProject
Global
	GlobalSection(SolutionConfigurationPlatforms) = preSolution
		Debug|Any CPU = Debug|Any CPU
		Release|Any CPU = Release|Any CPU
	EndGlobalSection
	GlobalSection(ProjectConfigurationPlatforms) = postSolution
		{0E48201A-B126-4BD3-B47D-D5B078410A1F}.Debug|Any CPU.ActiveCfg = Debug|Any CPU
		{0E48201A-B126-4BD3-B47D-D5B078410A1F}.Debug|Any CPU.Build.0 = Debug|Any CPU
		{0E48201A-B126-4BD3-B47D-D5B078410A1F}.Release|Any CPU.ActiveCfg = Release|Any CPU
		{0E48201A-B126-4BD3-B47D-D5B078410A1F}.Release|Any CPU.Build.0 = Release|Any CPU
		{8C60A71B-5D6D-4E48-B2D1-106BE32780C7}.Debug|Any CPU.ActiveCfg = Debug|Any CPU
		{8C60A71B-5D6D-4E48-B2D1-106BE32780C7}.Debug|Any CPU.Build.0 = Debug|Any CPU
		{8C60A71B-5D6D-4E48-B2D1-106BE32780C7}.Release|Any CPU.ActiveCfg = Release|Any CPU
		{8C60A71B-5D6D-4E48-B2D1-106BE32780C7}.Release|Any CPU.Build.0 = Release|Any CPU
		{1A3D4092-2EF2-4575-8F1E-4FB2851762D3}.Debug|Any CPU.ActiveCfg = Debug|Any CPU
		{1A3D4092-2EF2-4575-8F1E-4FB2851762D3}.Debug|Any CPU.Build.0 = Debug|Any CPU
		{1A3D4092-2EF2-4575-8F1E-4FB2851762D3}.Release|Any CPU.ActiveCfg = Release|Any CPU
		{1A3D4092-2EF2-4575-8F1E-4FB2851762D3}.Release|Any CPU.Build.0 = Release|Any CPU
		{B44AEFA9-889A-436D-B035-E47823164F74}.Debug|Any CPU.ActiveCfg = Debug|Any CPU
		{B44AEFA9-889A-436D-B035-E47823164F74}.Debug|Any CPU.Build.0 = Debug|Any CPU
		{B44AEFA9-889A-436D-B035-E47823164F74}.Release|Any CPU.ActiveCfg = Release|Any CPU
		{B44AEFA9-889A-436D-B035-E47823164F74}.Release|Any CPU.Build.0 = Release|Any CPU
		{CF00FB5C-7E6F-4920-993F-665AC14B5925}.Debug|Any CPU.ActiveCfg = Debug|Any CPU
		{CF00FB5C-7E6F-4920-993F-665AC14B5925}.Debug|Any CPU.Build.0 = Debug|Any CPU
		{CF00FB5C-7E6F-4920-993F-665AC14B5925}.Release|Any CPU.ActiveCfg = Release|Any CPU
		{CF00FB5C-7E6F-4920-993F-665AC14B5925}.Release|Any CPU.Build.0 = Release|Any CPU
		{F052A5A7-23D1-49A3-836D-1A541630C4B3}.Debug|Any CPU.ActiveCfg = Debug|Any CPU
		{F052A5A7-23D1-49A3-836D-1A541630C4B3}.Debug|Any CPU.Build.0 = Debug|Any CPU
		{F052A5A7-23D1-49A3-836D-1A541630C4B3}.Release|Any CPU.ActiveCfg = Release|Any CPU
		{F052A5A7-23D1-49A3-836D-1A541630C4B3}.Release|Any CPU.Build.0 = Release|Any CPU
		{8EF96F08-838C-446E-AF05-4A04822661E1}.Debug|Any CPU.ActiveCfg = Debug|Any CPU
		{8EF96F08-838C-446E-AF05-4A04822661E1}.Debug|Any CPU.Build.0 = Debug|Any CPU
		{8EF96F08-838C-446E-AF05-4A04822661E1}.Release|Any CPU.ActiveCfg = Release|Any CPU
		{8EF96F08-838C-446E-AF05-4A04822661E1}.Release|Any CPU.Build.0 = Release|Any CPU
		{6DCEF0BB-D3B7-47FA-9CC7-27732BFC24BE}.Debug|Any CPU.ActiveCfg = Debug|Any CPU
		{6DCEF0BB-D3B7-47FA-9CC7-27732BFC24BE}.Debug|Any CPU.Build.0 = Debug|Any CPU
		{6DCEF0BB-D3B7-47FA-9CC7-27732BFC24BE}.Release|Any CPU.ActiveCfg = Release|Any CPU
		{6DCEF0BB-D3B7-47FA-9CC7-27732BFC24BE}.Release|Any CPU.Build.0 = Release|Any CPU
	EndGlobalSection
	GlobalSection(SolutionProperties) = preSolution
		HideSolutionNode = FALSE
	EndGlobalSection
	GlobalSection(NestedProjects) = preSolution
		{8EF96F08-838C-446E-AF05-4A04822661E1} = {262221B3-530C-494D-8906-11EF909F81E2}
	EndGlobalSection
	GlobalSection(ExtensibilityGlobals) = postSolution
		SolutionGuid = {E9B6081E-ED0A-469E-95E4-AFB69D08E4E7}
	EndGlobalSection
EndGlobal
